
Microsoft Visual Studio Solution File, Format Version 12.00
# Visual Studio 15
VisualStudioVersion = 15.0.27130.2027
MinimumVisualStudioVersion = 10.0.40219.1
Project("{FAE04EC0-301F-11D3-BF4B-00C04F79EFBC}") = "MoviesAngular5", "MoviesAngular5\MoviesAngular5.csproj", "{14F09013-06E4-4A22-B46F-803037FA599F}"
EndProject
Global
	GlobalSection(SolutionConfigurationPlatforms) = preSolution
		Debug|Any CPU = Debug|Any CPU
		Release|Any CPU = Release|Any CPU
	EndGlobalSection
	GlobalSection(ProjectConfigurationPlatforms) = postSolution
		{14F09013-06E4-4A22-B46F-803037FA599F}.Debug|Any CPU.ActiveCfg = Debug|Any CPU
		{14F09013-06E4-4A22-B46F-803037FA599F}.Debug|Any CPU.Build.0 = Debug|Any CPU
		{14F09013-06E4-4A22-B46F-803037FA599F}.Release|Any CPU.ActiveCfg = Release|Any CPU
		{14F09013-06E4-4A22-B46F-803037FA599F}.Release|Any CPU.Build.0 = Release|Any CPU
	EndGlobalSection
	GlobalSection(SolutionProperties) = preSolution
		HideSolutionNode = FALSE
	EndGlobalSection
	GlobalSection(ExtensibilityGlobals) = postSolution
		SolutionGuid = {10942C21-B718-429E-943F-8B449A2558C4}
	EndGlobalSection
EndGlobal
